
Microsoft Visual Studio Solution File, Format Version 12.00
# Visual Studio 2015
Project("{FAE04EC0-301F-11D3-BF4B-00C04F79EFBC}") = "Dissertation Assignment - V3 - BeforeExpert.CSharp", "Dissertation Assignment - V3 - BeforeExpert.CSharp.csproj", "{A6776470-C50B-EF03-AE51-3D994409418C}"
EndProject
Project("{FAE04EC0-301F-11D3-BF4B-00C04F79EFBC}") = "Dissertation Assignment - V3 - BeforeExpert.CSharp.Editor", "Dissertation Assignment - V3 - BeforeExpert.CSharp.Editor.csproj", "{A64CD323-E8AE-0F73-527A-4BDFB1AB217B}"
EndProject
Global
	GlobalSection(SolutionConfigurationPlatforms) = preSolution
		Debug|Any CPU = Debug|Any CPU
		Release|Any CPU = Release|Any CPU
	EndGlobalSection
	GlobalSection(ProjectConfigurationPlatforms) = postSolution
		{A6776470-C50B-EF03-AE51-3D994409418C}.Debug|Any CPU.ActiveCfg = Debug|Any CPU
		{A6776470-C50B-EF03-AE51-3D994409418C}.Debug|Any CPU.Build.0 = Debug|Any CPU
		{A6776470-C50B-EF03-AE51-3D994409418C}.Release|Any CPU.ActiveCfg = Release|Any CPU
		{A6776470-C50B-EF03-AE51-3D994409418C}.Release|Any CPU.Build.0 = Release|Any CPU
		{A64CD323-E8AE-0F73-527A-4BDFB1AB217B}.Debug|Any CPU.ActiveCfg = Debug|Any CPU
		{A64CD323-E8AE-0F73-527A-4BDFB1AB217B}.Debug|Any CPU.Build.0 = Debug|Any CPU
		{A64CD323-E8AE-0F73-527A-4BDFB1AB217B}.Release|Any CPU.ActiveCfg = Release|Any CPU
		{A64CD323-E8AE-0F73-527A-4BDFB1AB217B}.Release|Any CPU.Build.0 = Release|Any CPU
	EndGlobalSection
	GlobalSection(SolutionProperties) = preSolution
		HideSolutionNode = FALSE
	EndGlobalSection
EndGlobal
