
Microsoft Visual Studio Solution File, Format Version 12.00
# Visual Studio 2017
Project("{FAE04EC0-301F-11D3-BF4B-00C04F79EFBC}") = "Dissertation Assignment - V3", "Dissertation Assignment - V3.csproj", "{8E7BF87F-DE9A-7163-35B2-3C2677862EF9}"
EndProject
Project("{FAE04EC0-301F-11D3-BF4B-00C04F79EFBC}") = "Dissertation Assignment - V3.Editor", "Dissertation Assignment - V3.Editor.csproj", "{A6006F7D-6CEF-9595-4165-C8C946238E12}"
EndProject
Global
	GlobalSection(SolutionConfigurationPlatforms) = preSolution
		Debug|Any CPU = Debug|Any CPU
		Release|Any CPU = Release|Any CPU
	EndGlobalSection
	GlobalSection(ProjectConfigurationPlatforms) = postSolution
		{8E7BF87F-DE9A-7163-35B2-3C2677862EF9}.Debug|Any CPU.ActiveCfg = Debug|Any CPU
		{8E7BF87F-DE9A-7163-35B2-3C2677862EF9}.Debug|Any CPU.Build.0 = Debug|Any CPU
		{8E7BF87F-DE9A-7163-35B2-3C2677862EF9}.Release|Any CPU.ActiveCfg = Release|Any CPU
		{8E7BF87F-DE9A-7163-35B2-3C2677862EF9}.Release|Any CPU.Build.0 = Release|Any CPU
		{A6006F7D-6CEF-9595-4165-C8C946238E12}.Debug|Any CPU.ActiveCfg = Debug|Any CPU
		{A6006F7D-6CEF-9595-4165-C8C946238E12}.Debug|Any CPU.Build.0 = Debug|Any CPU
		{A6006F7D-6CEF-9595-4165-C8C946238E12}.Release|Any CPU.ActiveCfg = Release|Any CPU
		{A6006F7D-6CEF-9595-4165-C8C946238E12}.Release|Any CPU.Build.0 = Release|Any CPU
	EndGlobalSection
	GlobalSection(SolutionProperties) = preSolution
		HideSolutionNode = FALSE
	EndGlobalSection
EndGlobal
