
Microsoft Visual Studio Solution File, Format Version 11.00
# Visual Studio 2010
Project("{FAE04EC0-301F-11D3-BF4B-00C04F79EFBC}") = "Navi-Spring-Demo", "Assembly-CSharp.csproj", "{32112F69-0B92-B206-6C80-DFF3E913400F}"
EndProject
Project("{FAE04EC0-301F-11D3-BF4B-00C04F79EFBC}") = "Navi-Spring-Demo", "Assembly-CSharp-Editor.csproj", "{E47C542B-25F9-3B62-A46F-E9086D2F7279}"
EndProject
Global
	GlobalSection(SolutionConfigurationPlatforms) = preSolution
		Debug|Any CPU = Debug|Any CPU
		Release|Any CPU = Release|Any CPU
	EndGlobalSection
	GlobalSection(ProjectConfigurationPlatforms) = postSolution
		{32112F69-0B92-B206-6C80-DFF3E913400F}.Debug|Any CPU.ActiveCfg = Debug|Any CPU
		{32112F69-0B92-B206-6C80-DFF3E913400F}.Debug|Any CPU.Build.0 = Debug|Any CPU
		{32112F69-0B92-B206-6C80-DFF3E913400F}.Release|Any CPU.ActiveCfg = Release|Any CPU
		{32112F69-0B92-B206-6C80-DFF3E913400F}.Release|Any CPU.Build.0 = Release|Any CPU
		{E47C542B-25F9-3B62-A46F-E9086D2F7279}.Debug|Any CPU.ActiveCfg = Debug|Any CPU
		{E47C542B-25F9-3B62-A46F-E9086D2F7279}.Debug|Any CPU.Build.0 = Debug|Any CPU
		{E47C542B-25F9-3B62-A46F-E9086D2F7279}.Release|Any CPU.ActiveCfg = Release|Any CPU
		{E47C542B-25F9-3B62-A46F-E9086D2F7279}.Release|Any CPU.Build.0 = Release|Any CPU
	EndGlobalSection
	GlobalSection(SolutionProperties) = preSolution
		HideSolutionNode = FALSE
	EndGlobalSection
	GlobalSection(MonoDevelopProperties) = preSolution
		StartupItem = Assembly-CSharp.csproj
	EndGlobalSection
EndGlobal
